# This file is automatically @generated by Cargo.
# It is not intended for manual editing.
version = 4

[[package]]
name = "webcam-sharedtexture-cli"
version = "0.1.0"
dependencies = [
 "webcam-sharedtexture-core",
]

[[package]]
name = "webcam-sharedtexture-core"
version = "0.1.0"

[[package]]
name = "webcam-sharedtexture-gui"
version = "0.1.0"
dependencies = [
 "webcam-sharedtexture-core",
]
